{
  "name": "sih",
  "lockfileVersion": 3,
  "requires": true,
  "packages": {
    "": {
      "dependencies": {
        "@huggingface/inference": "^4.7.1"
      }
    },
    "node_modules/@huggingface/inference": {
      "version": "4.7.1",
      "resolved": "https://registry.npmjs.org/@huggingface/inference/-/inference-4.7.1.tgz",
      "integrity": "sha512-gXrMocGDsE6kUZPEj82c3O+/OKnIfbHvg9rYjGA6svbWrYVmHCIAdCrrgCwNl2v5GELfPJrrfIv0bvzCTfa64A==",
      "license": "MIT",
      "dependencies": {
        "@huggingface/jinja": "^0.5.1",
        "@huggingface/tasks": "^0.19.35"
      },
      "engines": {
        "node": ">=18"
      }
    },
    "node_modules/@huggingface/jinja": {
      "version": "0.5.1",
      "resolved": "https://registry.npmjs.org/@huggingface/jinja/-/jinja-0.5.1.tgz",
      "integrity": "sha512-yUZLld4lrM9iFxHCwFQ7D1HW2MWMwSbeB7WzWqFYDWK+rEb+WldkLdAJxUPOmgICMHZLzZGVcVjFh3w/YGubng==",
      "license": "MIT",
      "engines": {
        "node": ">=18"
      }
    },
    "node_modules/@huggingface/tasks": {
      "version": "0.19.44",
      "resolved": "https://registry.npmjs.org/@huggingface/tasks/-/tasks-0.19.44.tgz",
      "integrity": "sha512-UKBsLrpTnQ0zNtOPKpqi1NKjdNXTVmLV3y9lUd8iOHRYyGflvlpFAEffD6+JH7K6piOOWfX7DL8eotfSUnYWiA==",
      "license": "MIT"
    }
  }
}
